
Microsoft Visual Studio Solution File, Format Version 12.00
# Visual Studio Version 17
VisualStudioVersion = 17.0.31903.59
MinimumVisualStudioVersion = 10.0.40219.1
Project("{2150E333-8FDC-42A3-9474-1A3956D46DE8}") = "src", "src", "{DA7469E2-919A-4BA4-B30C-27B31C7E81E2}"
EndProject
Project("{FAE04EC0-301F-11D3-BF4B-00C04F79EFBC}") = "TradeJournal.Api", "src\TradeJournal.Api\TradeJournal.Api.csproj", "{2FE8689C-D5C1-438E-88B9-4BEF256C28F7}"
EndProject
Project("{2150E333-8FDC-42A3-9474-1A3956D46DE8}") = "tests", "tests", "{9EE97DE7-FD42-4ED7-9D05-5E593C96C551}"
EndProject
Project("{FAE04EC0-301F-11D3-BF4B-00C04F79EFBC}") = "TradeJournal.UnitTests", "tests\TradeJournal.UnitTests\TradeJournal.UnitTests.csproj", "{4CD3C896-5AD2-4A78-891A-D9722D7CF4B1}"
EndProject
Global
	GlobalSection(SolutionConfigurationPlatforms) = preSolution
		Debug|Any CPU = Debug|Any CPU
		Release|Any CPU = Release|Any CPU
	EndGlobalSection
	GlobalSection(SolutionProperties) = preSolution
		HideSolutionNode = FALSE
	EndGlobalSection
	GlobalSection(ProjectConfigurationPlatforms) = postSolution
		{2FE8689C-D5C1-438E-88B9-4BEF256C28F7}.Debug|Any CPU.ActiveCfg = Debug|Any CPU
		{2FE8689C-D5C1-438E-88B9-4BEF256C28F7}.Debug|Any CPU.Build.0 = Debug|Any CPU
		{2FE8689C-D5C1-438E-88B9-4BEF256C28F7}.Release|Any CPU.ActiveCfg = Release|Any CPU
		{2FE8689C-D5C1-438E-88B9-4BEF256C28F7}.Release|Any CPU.Build.0 = Release|Any CPU
		{4CD3C896-5AD2-4A78-891A-D9722D7CF4B1}.Debug|Any CPU.ActiveCfg = Debug|Any CPU
		{4CD3C896-5AD2-4A78-891A-D9722D7CF4B1}.Debug|Any CPU.Build.0 = Debug|Any CPU
		{4CD3C896-5AD2-4A78-891A-D9722D7CF4B1}.Release|Any CPU.ActiveCfg = Release|Any CPU
		{4CD3C896-5AD2-4A78-891A-D9722D7CF4B1}.Release|Any CPU.Build.0 = Release|Any CPU
	EndGlobalSection
	GlobalSection(NestedProjects) = preSolution
		{2FE8689C-D5C1-438E-88B9-4BEF256C28F7} = {DA7469E2-919A-4BA4-B30C-27B31C7E81E2}
		{4CD3C896-5AD2-4A78-891A-D9722D7CF4B1} = {9EE97DE7-FD42-4ED7-9D05-5E593C96C551}
	EndGlobalSection
EndGlobal
